<Project xmlns="http://schemas.microsoft.com/developer/msbuild/2003">
  <PropertyGroup>
    <ProjectGuid>{823b90c0-6668-476b-a0d5-11de7523cb20}</ProjectGuid>
    <Configuration Condition=" '$(Configuration)' == '' ">Debug</Configuration>
    <Platform Condition=" '$(Platform)' == '' ">AnyCPU</Platform>
    <DCC_DCCCompiler>DCC32</DCC_DCCCompiler>
    <DCC_DependencyCheckOutputName>RinexToLib.exe</DCC_DependencyCheckOutputName>
    <MainSource>RinexToLib.dpr</MainSource>
  </PropertyGroup>
  <PropertyGroup Condition=" '$(Configuration)|$(Platform)' == 'Release|AnyCPU' ">
    <Version>7.0</Version>
    <DCC_DebugInformation>False</DCC_DebugInformation>
    <DCC_LocalDebugSymbols>False</DCC_LocalDebugSymbols>
    <DCC_SymbolReferenceInfo>0</DCC_SymbolReferenceInfo>
    <DCC_Define>RELEASE</DCC_Define>
  </PropertyGroup>
  <PropertyGroup Condition=" '$(Configuration)|$(Platform)' == 'Debug|AnyCPU' ">
    <Version>7.0</Version>
    <DCC_Define>DEBUG</DCC_Define>
    <DCC_UnitSearchPath>GeoToolsUnits\</DCC_UnitSearchPath>
    <DCC_ResourcePath>GeoToolsUnits\</DCC_ResourcePath>
    <DCC_ObjPath>GeoToolsUnits\</DCC_ObjPath>
    <DCC_IncludePath>GeoToolsUnits\</DCC_IncludePath>
  </PropertyGroup>
  <ProjectExtensions>
    <Borland.Personality>Delphi.Personality</Borland.Personality>
    <Borland.ProjectType />
    <BorlandProject>
<BorlandProject><Delphi.Personality><Parameters><Parameters Name="UseLauncher">False</Parameters><Parameters Name="LoadAllSymbols">True</Parameters><Parameters Name="LoadUnspecifiedSymbols">False</Parameters></Parameters><VersionInfo><VersionInfo Name="IncludeVerInfo">False</VersionInfo><VersionInfo Name="AutoIncBuild">False</VersionInfo><VersionInfo Name="MajorVer">1</VersionInfo><VersionInfo Name="MinorVer">0</VersionInfo><VersionInfo Name="Release">0</VersionInfo><VersionInfo Name="Build">0</VersionInfo><VersionInfo Name="Debug">False</VersionInfo><VersionInfo Name="PreRelease">False</VersionInfo><VersionInfo Name="Special">False</VersionInfo><VersionInfo Name="Private">False</VersionInfo><VersionInfo Name="DLL">False</VersionInfo><VersionInfo Name="Locale">1033</VersionInfo><VersionInfo Name="CodePage">1252</VersionInfo></VersionInfo><VersionInfoKeys><VersionInfoKeys Name="CompanyName"></VersionInfoKeys><VersionInfoKeys Name="FileDescription"></VersionInfoKeys><VersionInfoKeys Name="FileVersion">1.0.0.0</VersionInfoKeys><VersionInfoKeys Name="InternalName"></VersionInfoKeys><VersionInfoKeys Name="LegalCopyright"></VersionInfoKeys><VersionInfoKeys Name="LegalTrademarks"></VersionInfoKeys><VersionInfoKeys Name="OriginalFilename"></VersionInfoKeys><VersionInfoKeys Name="ProductName"></VersionInfoKeys><VersionInfoKeys Name="ProductVersion">1.0.0.0</VersionInfoKeys><VersionInfoKeys Name="Comments"></VersionInfoKeys></VersionInfoKeys><Source><Source Name="MainSource">RinexToLib.dpr</Source></Source></Delphi.Personality></BorlandProject></BorlandProject>
  </ProjectExtensions>
  <Import Project="$(MSBuildBinPath)\Borland.Delphi.Targets" />
  <ItemGroup>
    <DelphiCompile Include="RinexToLib.dpr">
      <MainSource>MainSource</MainSource>
    </DelphiCompile>
    <DCCReference Include="FLoader.pas">
      <Form>FLoadGPS</Form>
    </DCCReference>
    <DCCReference Include="FProcGNSS.pas">
      <Form>ProcGNSS</Form>
    </DCCReference>
    <DCCReference Include="GNSSObjects.pas" />
    <DCCReference Include="GNSSObjsTree.pas" />
    <DCCReference Include="RTKLibExecutor.pas" />
    <DCCReference Include="UAntProp.pas">
      <Form>FAntProp</Form>
    </DCCReference>
    <DCCReference Include="UGNSSPointSettings.pas">
      <Form>FGNSSPointSettings</Form>
    </DCCReference>
    <DCCReference Include="UGNSSSessionOptions.pas">
      <Form>FGNSSSessionOptions</Form>
    </DCCReference>
    <DCCReference Include="Unit1.pas">
      <Form>Form1</Form>
    </DCCReference>
    <DCCReference Include="UStartProcessing.pas">
      <Form>FStartProcessing</Form>
    </DCCReference>
    <DCCReference Include="UVectSettings.pas">
      <Form>FVectSettings</Form>
    </DCCReference>
    <DCCReference Include="UWinManager.pas" />
  </ItemGroup>
</Project>